// !$*UTF8*$!
{
	archiveVersion = 1;
	classes = {
	};
	objectVersion = 50;
	objects = {

/* Begin PBXBuildFile section */
		745D2E9922F2D894002795CF /* AppDelegate.swift in Sources */ = {isa = PBXBuildFile; fileRef = 745D2E9822F2D894002795CF /* AppDelegate.swift */; };
		745D2E9B22F2D894002795CF /* ViewController.swift in Sources */ = {isa = PBXBuildFile; fileRef = 745D2E9A22F2D894002795CF /* ViewController.swift */; };
		745D2E9E22F2D894002795CF /* Main.storyboard in Resources */ = {isa = PBXBuildFile; fileRef = 745D2E9C22F2D894002795CF /* Main.storyboard */; };
		745D2EA022F2D895002795CF /* Assets.xcassets in Resources */ = {isa = PBXBuildFile; fileRef = 745D2E9F22F2D895002795CF /* Assets.xcassets */; };
		745D2EA322F2D895002795CF /* LaunchScreen.storyboard in Resources */ = {isa = PBXBuildFile; fileRef = 745D2EA122F2D895002795CF /* LaunchScreen.storyboard */; };
		745D2EAD22F2DF89002795CF /* ProfileViewController.swift in Sources */ = {isa = PBXBuildFile; fileRef = 745D2EAC22F2DF89002795CF /* ProfileViewController.swift */; };
/* End PBXBuildFile section */

/* Begin PBXFileReference section */
		745D2E9522F2D894002795CF /* BasicUIAssignment.app */ = {isa = PBXFileReference; explicitFileType = wrapper.application; includeInIndex = 0; path = BasicUIAssignment.app; sourceTree = BUILT_PRODUCTS_DIR; };
		745D2E9822F2D894002795CF /* AppDelegate.swift */ = {isa = PBXFileReference; lastKnownFileType = sourcecode.swift; path = AppDelegate.swift; sourceTree = "<group>"; };
		745D2E9A22F2D894002795CF /* ViewController.swift */ = {isa = PBXFileReference; lastKnownFileType = sourcecode.swift; path = ViewController.swift; sourceTree = "<group>"; };
		745D2E9D22F2D894002795CF /* Base */ = {isa = PBXFileReference; lastKnownFileType = file.storyboard; name = Base; path = Base.lproj/Main.storyboard; sourceTree = "<group>"; };
		745D2E9F22F2D895002795CF /* Assets.xcassets */ = {isa = PBXFileReference; lastKnownFileType = folder.assetcatalog; path = Assets.xcassets; sourceTree = "<group>"; };
		745D2EA222F2D895002795CF /* Base */ = {isa = PBXFileReference; lastKnownFileType = file.storyboard; name = Base; path = Base.lproj/LaunchScreen.storyboard; sourceTree = "<group>"; };
		745D2EA422F2D895002795CF /* Info.plist */ = {isa = PBXFileReference; lastKnownFileType = text.plist.xml; path = Info.plist; sourceTree = "<group>"; };
		745D2EAC22F2DF89002795CF /* ProfileViewController.swift */ = {isa = PBXFileReference; lastKnownFileType = sourcecode.swift; path = ProfileViewController.swift; sourceTree = "<group>"; };
/* End PBXFileReference section */

/* Begin PBXFrameworksBuildPhase section */
		745D2E9222F2D894002795CF /* Frameworks */ = {
			isa = PBXFrameworksBuildPhase;
			buildActionMask = 2147483647;
			files = (
			);
			runOnlyForDeploymentPostprocessing = 0;
		};
/* End PBXFrameworksBuildPhase section */

/* Begin PBXGroup section */
		745D2E8C22F2D894002795CF = {
			isa = PBXGroup;
			children = (
				745D2E9722F2D894002795CF /* BasicUIAssignment */,
				745D2E9622F2D894002795CF /* Products */,
			);
			sourceTree = "<group>";
		};
		745D2E9622F2D894002795CF /* Products */ = {
			isa = PBXGroup;
			children = (
				745D2E9522F2D894002795CF /* BasicUIAssignment.app */,
			);
			name = Products;
			sourceTree = "<group>";
		};
		745D2E9722F2D894002795CF /* BasicUIAssignment */ = {
			isa = PBXGroup;
			children = (
				745D2EAB22F2DF56002795CF /* viewcontrollers */,
				745D2EAA22F2DF4D002795CF /* storyboards */,
				745D2E9822F2D894002795CF /* AppDelegate.swift */,
				745D2E9F22F2D895002795CF /* Assets.xcassets */,
				745D2EA122F2D895002795CF /* LaunchScreen.storyboard */,
				745D2EA422F2D895002795CF /* Info.plist */,
			);
			path = BasicUIAssignment;
			sourceTree = "<group>";
		};
		745D2EAA22F2DF4D002795CF /* storyboards */ = {
			isa = PBXGroup;
			children = (
				745D2E9C22F2D894002795CF /* Main.storyboard */,
			);
			path = storyboards;
			sourceTree = "<group>";
		};
		745D2EAB22F2DF56002795CF /* viewcontrollers */ = {
			isa = PBXGroup;
			children = (
				745D2E9A22F2D894002795CF /* ViewController.swift */,
				745D2EAC22F2DF89002795CF /* ProfileViewController.swift */,
			);
			path = viewcontrollers;
			sourceTree = "<group>";
		};
/* End PBXGroup section */

/* Begin PBXNativeTarget section */
		745D2E9422F2D894002795CF /* BasicUIAssignment */ = {
			isa = PBXNativeTarget;
			buildConfigurationList = 745D2EA722F2D895002795CF /* Build configuration list for PBXNativeTarget "BasicUIAssignment" */;
			buildPhases = (
				745D2E9122F2D894002795CF /* Sources */,
				745D2E9222F2D894002795CF /* Frameworks */,
				745D2E9322F2D894002795CF /* Resources */,
			);
			buildRules = (
			);
			dependencies = (
			);
			name = BasicUIAssignment;
			productName = BasicUIAssignment;
			productReference = 745D2E9522F2D894002795CF /* BasicUIAssignment.app */;
			productType = "com.apple.product-type.application";
		};
/* End PBXNativeTarget section */

/* Begin PBXProject section */
		745D2E8D22F2D894002795CF /* Project object */ = {
			isa = PBXProject;
			attributes = {
				LastSwiftUpdateCheck = 1020;
				LastUpgradeCheck = 1020;
				ORGANIZATIONNAME = Waiphyoag;
				TargetAttributes = {
					745D2E9422F2D894002795CF = {
						CreatedOnToolsVersion = 10.2.1;
					};
				};
			};
			buildConfigurationList = 745D2E9022F2D894002795CF /* Build configuration list for PBXProject "BasicUIAssignment" */;
			compatibilityVersion = "Xcode 9.3";
			developmentRegion = en;
			hasScannedForEncodings = 0;
			knownRegions = (
				en,
				Base,
			);
			mainGroup = 745D2E8C22F2D894002795CF;
			productRefGroup = 745D2E9622F2D894002795CF /* Products */;
			projectDirPath = "";
			projectRoot = "";
			targets = (
				745D2E9422F2D894002795CF /* BasicUIAssignment */,
			);
		};
/* End PBXProject section */

/* Begin PBXResourcesBuildPhase section */
		745D2E9322F2D894002795CF /* Resources */ = {
			isa = PBXResourcesBuildPhase;
			buildActionMask = 2147483647;
			files = (
				745D2EA322F2D895002795CF /* LaunchScreen.storyboard in Resources */,
				745D2EA022F2D895002795CF /* Assets.xcassets in Resources */,
				745D2E9E22F2D894002795CF /* Main.storyboard in Resources */,
			);
			runOnlyForDeploymentPostprocessing = 0;
		};
/* End PBXResourcesBuildPhase section */

/* Begin PBXSourcesBuildPhase section */
		745D2E9122F2D894002795CF /* Sources */ = {
			isa = PBXSourcesBuildPhase;
			buildActionMask = 2147483647;
			files = (
				745D2EAD22F2DF89002795CF /* ProfileViewController.swift in Sources */,
				745D2E9B22F2D894002795CF /* ViewController.swift in Sources */,
				745D2E9922F2D894002795CF /* AppDelegate.swift in Sources */,
			);
			runOnlyForDeploymentPostprocessing = 0;
		};
/* End PBXSourcesBuildPhase section */

/* Begin PBXVariantGroup section */
		745D2E9C22F2D894002795CF /* Main.storyboard */ = {
			isa = PBXVariantGroup;
			children = (
				745D2E9D22F2D894002795CF /* Base */,
			);
			name = Main.storyboard;
			sourceTree = "<group>";
		};
		745D2EA122F2D895002795CF /* LaunchScreen.storyboard */ = {
			isa = PBXVariantGroup;
			children = (
				745D2EA222F2D895002795CF /* Base */,
			);
			name = LaunchScreen.storyboard;
			sourceTree = "<group>";
		};
/* End PBXVariantGroup section */

/* Begin XCBuildConfiguration section */
		745D2EA522F2D895002795CF /* Debug */ = {
			isa = XCBuildConfiguration;
			buildSettings = {
				ALWAYS_SEARCH_USER_PATHS = NO;
				CLANG_ANALYZER_NONNULL = YES;
				CLANG_ANALYZER_NUMBER_OBJECT_CONVERSION = YES_AGGRESSIVE;
				CLANG_CXX_LANGUAGE_STANDARD = "gnu++14";
				CLANG_CXX_LIBRARY = "libc++";
				CLANG_ENABLE_MODULES = YES;
				CLANG_ENABLE_OBJC_ARC = YES;
				CLANG_ENABLE_OBJC_WEAK = YES;
				CLANG_WARN_BLOCK_CAPTURE_AUTORELEASING = YES;
				CLANG_WARN_BOOL_CONVERSION = YES;
				CLANG_WARN_COMMA = YES;
				CLANG_WARN_CONSTANT_CONVERSION = YES;
				CLANG_WARN_DEPRECATED_OBJC_IMPLEMENTATIONS = YES;
				CLANG_WARN_DIRECT_OBJC_ISA_USAGE = YES_ERROR;
				CLANG_WARN_DOCUMENTATION_COMMENTS = YES;
				CLANG_WARN_EMPTY_BODY = YES;
				CLANG_WARN_ENUM_CONVERSION = YES;
				CLANG_WARN_INFINITE_RECURSION = YES;
				CLANG_WARN_INT_CONVERSION = YES;
				CLANG_WARN_NON_LITERAL_NULL_CONVERSION = YES;
				CLANG_WARN_OBJC_IMPLICIT_RETAIN_SELF = YES;
				CLANG_WARN_OBJC_LITERAL_CONVERSION = YES;
				CLANG_WARN_OBJC_ROOT_CLASS = YES_ERROR;
				CLANG_WARN_RANGE_LOOP_ANALYSIS = YES;
				CLANG_WARN_STRICT_PROTOTYPES = YES;
				CLANG_WARN_SUSPICIOUS_MOVE = YES;
				CLANG_WARN_UNGUARDED_AVAILABILITY = YES_AGGRESSIVE;
				CLANG_WARN_UNREACHABLE_CODE = YES;
				CLANG_WARN__DUPLICATE_METHOD_MATCH = YES;
				CODE_SIGN_IDENTITY = "iPhone Developer";
				COPY_PHASE_STRIP = NO;
				DEBUG_INFORMATION_FORMAT = dwarf;
				ENABLE_STRICT_OBJC_MSGSEND = YES;
				ENABLE_TESTABILITY = YES;
				GCC_C_LANGUAGE_STANDARD = gnu11;
				GCC_DYNAMIC_NO_PIC = NO;
				GCC_NO_COMMON_BLOCKS = YES;
				GCC_OPTIMIZATION_LEVEL = 0;
				GCC_PREPROCESSOR_DEFINITIONS = (
					"DEBUG=1",
					"$(inherited)",
				);
				GCC_WARN_64_TO_32_BIT_CONVERSION = YES;
				GCC_WARN_ABOUT_RETURN_TYPE = YES_ERROR;
				GCC_WARN_UNDECLARED_SELECTOR = YES;
				GCC_WARN_UNINITIALIZED_AUTOS = YES_AGGRESSIVE;
				GCC_WARN_UNUSED_FUNCTION = YES;
				GCC_WARN_UNUSED_VARIABLE = YES;
				IPHONEOS_DEPLOYMENT_TARGET = 12.2;
				MTL_ENABLE_DEBUG_INFO = INCLUDE_SOURCE;
				MTL_FAST_MATH = YES;
				ONLY_ACTIVE_ARCH = YES;
				SDKROOT = iphoneos;
				SWIFT_ACTIVE_COMPILATION_CONDITIONS = DEBUG;
				SWIFT_OPTIMIZATION_LEVEL = "-Onone";
			};
			name = Debug;
		};
		745D2EA622F2D895002795CF /* Release */ = {
			isa = XCBuildConfiguration;
			buildSettings = {
				ALWAYS_SEARCH_USER_PATHS = NO;
				CLANG_ANALYZER_NONNULL = YES;
				CLANG_ANALYZER_NUMBER_OBJECT_CONVERSION = YES_AGGRESSIVE;
				CLANG_CXX_LANGUAGE_STANDARD = "gnu++14";
				CLANG_CXX_LIBRARY = "libc++";
				CLANG_ENABLE_MODULES = YES;
				CLANG_ENABLE_OBJC_ARC = YES;
				CLANG_ENABLE_OBJC_WEAK = YES;
				CLANG_WARN_BLOCK_CAPTURE_AUTORELEASING = YES;
				CLANG_WARN_BOOL_CONVERSION = YES;
				CLANG_WARN_COMMA = YES;
				CLANG_WARN_CONSTANT_CONVERSION = YES;
				CLANG_WARN_DEPRECATED_OBJC_IMPLEMENTATIONS = YES;
				CLANG_WARN_DIRECT_OBJC_ISA_USAGE = YES_ERROR;
				CLANG_WARN_DOCUMENTATION_COMMENTS = YES;
				CLANG_WARN_EMPTY_BODY = YES;
				CLANG_WARN_ENUM_CONVERSION = YES;
				CLANG_WARN_INFINITE_RECURSION = YES;
				CLANG_WARN_INT_CONVERSION = YES;
				CLANG_WARN_NON_LITERAL_NULL_CONVERSION = YES;
				CLANG_WARN_OBJC_IMPLICIT_RETAIN_SELF = YES;
				CLANG_WARN_OBJC_LITERAL_CONVERSION = YES;
				CLANG_WARN_OBJC_ROOT_CLASS = YES_ERROR;
				CLANG_WARN_RANGE_LOOP_ANALYSIS = YES;
				CLANG_WARN_STRICT_PROTOTYPES = YES;
				CLANG_WARN_SUSPICIOUS_MOVE = YES;
				CLANG_WARN_UNGUARDED_AVAILABILITY = YES_AGGRESSIVE;
				CLANG_WARN_UNREACHABLE_CODE = YES;
				CLANG_WARN__DUPLICATE_METHOD_MATCH = YES;
				CODE_SIGN_IDENTITY = "iPhone Developer";
				COPY_PHASE_STRIP = NO;
				DEBUG_INFORMATION_FORMAT = "dwarf-with-dsym";
				ENABLE_NS_ASSERTIONS = NO;
				ENABLE_STRICT_OBJC_MSGSEND = YES;
				GCC_C_LANGUAGE_STANDARD = gnu11;
				GCC_NO_COMMON_BLOCKS = YES;
				GCC_WARN_64_TO_32_BIT_CONVERSION = YES;
				GCC_WARN_ABOUT_RETURN_TYPE = YES_ERROR;
				GCC_WARN_UNDECLARED_SELECTOR = YES;
				GCC_WARN_UNINITIALIZED_AUTOS = YES_AGGRESSIVE;
				GCC_WARN_UNUSED_FUNCTION = YES;
				GCC_WARN_UNUSED_VARIABLE = YES;
				IPHONEOS_DEPLOYMENT_TARGET = 12.2;
				MTL_ENABLE_DEBUG_INFO = NO;
				MTL_FAST_MATH = YES;
				SDKROOT = iphoneos;
				SWIFT_COMPILATION_MODE = wholemodule;
				SWIFT_OPTIMIZATION_LEVEL = "-O";
				VALIDATE_PRODUCT = YES;
			};
			name = Release;
		};
		745D2EA822F2D895002795CF /* Debug */ = {
			isa = XCBuildConfiguration;
			buildSettings = {
				ASSETCATALOG_COMPILER_APPICON_NAME = AppIcon;
				CODE_SIGN_STYLE = Automatic;
				INFOPLIST_FILE = BasicUIAssignment/Info.plist;
				LD_RUNPATH_SEARCH_PATHS = (
					"$(inherited)",
					"@executable_path/Frameworks",
				);
				PRODUCT_BUNDLE_IDENTIFIER = com.padc.BasicUIAssignment;
				PRODUCT_NAME = "$(TARGET_NAME)";
				SWIFT_VERSION = 5.0;
				TARGETED_DEVICE_FAMILY = "1,2";
			};
			name = Debug;
		};
		745D2EA922F2D895002795CF /* Release */ = {
			isa = XCBuildConfiguration;
			buildSettings = {
				ASSETCATALOG_COMPILER_APPICON_NAME = AppIcon;
				CODE_SIGN_STYLE = Automatic;
				INFOPLIST_FILE = BasicUIAssignment/Info.plist;
				LD_RUNPATH_SEARCH_PATHS = (
					"$(inherited)",
					"@executable_path/Frameworks",
				);
				PRODUCT_BUNDLE_IDENTIFIER = com.padc.BasicUIAssignment;
				PRODUCT_NAME = "$(TARGET_NAME)";
				SWIFT_VERSION = 5.0;
				TARGETED_DEVICE_FAMILY = "1,2";
			};
			name = Release;
		};
/* End XCBuildConfiguration section */

/* Begin XCConfigurationList section */
		745D2E9022F2D894002795CF /* Build configuration list for PBXProject "BasicUIAssignment" */ = {
			isa = XCConfigurationList;
			buildConfigurations = (
				745D2EA522F2D895002795CF /* Debug */,
				745D2EA622F2D895002795CF /* Release */,
			);
			defaultConfigurationIsVisible = 0;
			defaultConfigurationName = Release;
		};
		745D2EA722F2D895002795CF /* Build configuration list for PBXNativeTarget "BasicUIAssignment" */ = {
			isa = XCConfigurationList;
			buildConfigurations = (
				745D2EA822F2D895002795CF /* Debug */,
				745D2EA922F2D895002795CF /* Release */,
			);
			defaultConfigurationIsVisible = 0;
			defaultConfigurationName = Release;
		};
/* End XCConfigurationList section */
	};
	rootObject = 745D2E8D22F2D894002795CF /* Project object */;
}
